
Microsoft Visual Studio Solution File, Format Version 12.00
# Visual Studio Version 17
VisualStudioVersion = 17.9.34607.119
MinimumVisualStudioVersion = 10.0.40219.1
Project("{FAE04EC0-301F-11D3-BF4B-00C04F79EFBC}") = "BuscadorMvc", "BuscadorMvc\BuscadorMvc.csproj", "{75317E4A-DBA3-4ECE-88A2-A8340C601BED}"
EndProject
Global
	GlobalSection(SolutionConfigurationPlatforms) = preSolution
		Debug|Any CPU = Debug|Any CPU
		Release|Any CPU = Release|Any CPU
	EndGlobalSection
	GlobalSection(ProjectConfigurationPlatforms) = postSolution
		{75317E4A-DBA3-4ECE-88A2-A8340C601BED}.Debug|Any CPU.ActiveCfg = Debug|Any CPU
		{75317E4A-DBA3-4ECE-88A2-A8340C601BED}.Debug|Any CPU.Build.0 = Debug|Any CPU
		{75317E4A-DBA3-4ECE-88A2-A8340C601BED}.Release|Any CPU.ActiveCfg = Release|Any CPU
		{75317E4A-DBA3-4ECE-88A2-A8340C601BED}.Release|Any CPU.Build.0 = Release|Any CPU
	EndGlobalSection
	GlobalSection(SolutionProperties) = preSolution
		HideSolutionNode = FALSE
	EndGlobalSection
	GlobalSection(ExtensibilityGlobals) = postSolution
		SolutionGuid = {E812B4AB-47B6-451E-920F-34FD7D4173D3}
	EndGlobalSection
EndGlobal
